<?xml version="1.0" encoding="utf-8"?>
<Project ToolsVersion="4.0" xmlns="http://schemas.microsoft.com/developer/msbuild/2003">
  <ItemGroup>
    <Filter Include="source">
      <UniqueIdentifier>{4FC737F1-C7A5-4376-A066-2A32D752A2FF}</UniqueIdentifier>
    </Filter>
    <Filter Include="source\hud">
      <UniqueIdentifier>{93995380-89BD-4b04-88EB-625FBE52EBFB}</UniqueIdentifier>
    </Filter>
    <Filter Include="source\stories-sprinting">
      <UniqueIdentifier>{A1B2C3D4-E5F6-7890-ABCD-EF1234567890}</UniqueIdentifier>
    </Filter>
    <Filter Include="source\keybindings">
      <UniqueIdentifier>{B2C3D4E5-F6A7-8901-BCDE-F12345678901}</UniqueIdentifier>
    </Filter>
    <Filter Include="source\grab">
      <UniqueIdentifier>{bc0a2597-c692-4465-ab71-523701c684fe}</UniqueIdentifier>
    </Filter>
    <Filter Include="source\button-icons">
      <UniqueIdentifier>{9c7ab303-3935-4dd0-b5f2-92954c00939a}</UniqueIdentifier>
    </Filter>
    <Filter Include="source\enex-markers">
      <UniqueIdentifier>{0ed98438-3c30-46bd-aa61-db27090024cd}</UniqueIdentifier>
    </Filter>
  </ItemGroup>
  <ItemGroup>
    <ClCompile Include="source\Main.cpp">
      <Filter>source</Filter>
    </ClCompile>
    <ClCompile Include="source\hud\CHud1991.cpp">
      <Filter>source\hud</Filter>
    </ClCompile>
    <ClCompile Include="source\stories-sprinting\CStoriesSprinting.cpp">
      <Filter>source\stories-sprinting</Filter>
    </ClCompile>
    <ClCompile Include="source\keybindings\CKeybindings.cpp">
      <Filter>source\keybindings</Filter>
    </ClCompile>
    <ClCompile Include="source\grab\CGrabSystem.cpp">
      <Filter>source\grab</Filter>
    </ClCompile>
    <ClCompile Include="source\ButtonIcons.cpp">
      <Filter>source\button-icons</Filter>
    </ClCompile>
    <ClCompile Include="source\Markers.cpp">
      <Filter>source\enex-markers</Filter>
    </ClCompile>
    <ClCompile Include="source\grab\CPostGrabReaction.cpp">
      <Filter>source\grab</Filter>
    </ClCompile>
    <ClCompile Include="source\grab\CTaskComplexGrab.cpp">
      <Filter>source\grab</Filter>
    </ClCompile>
    <ClCompile Include="source\grab\CTaskComplexGrabbed.cpp">
      <Filter>source\grab</Filter>
    </ClCompile>
    <ClCompile Include="source\grab\CTaskSimpleGrabbedHeld.cpp">
      <Filter>source\grab</Filter>
    </ClCompile>
    <ClCompile Include="source\grab\CTaskSimpleGrabbedReach.cpp">
      <Filter>source\grab</Filter>
    </ClCompile>
    <ClCompile Include="source\grab\CTaskSimpleGrabHold.cpp">
      <Filter>source\grab</Filter>
    </ClCompile>
    <ClCompile Include="source\grab\CTaskSimpleGrabReach.cpp">
      <Filter>source\grab</Filter>
    </ClCompile>
    <ClCompile Include="source\grab\CTaskSimpleGrabAction.cpp">
      <Filter>source\grab</Filter>
    </ClCompile>
    <ClCompile Include="source\grab\CTaskSimpleGrabbedHit.cpp">
      <Filter>source\grab</Filter>
    </ClCompile>
  </ItemGroup>
  <ItemGroup>
    <ClInclude Include="source\hud\CHud1991.h">
      <Filter>source\hud</Filter>
    </ClInclude>
    <ClInclude Include="source\hud\CHudLayout1991.h">
      <Filter>source\hud</Filter>
    </ClInclude>
    <ClInclude Include="source\hud\CDrawing1991.h">
      <Filter>source\hud</Filter>
    </ClInclude>
    <ClInclude Include="source\stories-sprinting\CStoriesSprinting.h">
      <Filter>source\stories-sprinting</Filter>
    </ClInclude>
    <ClInclude Include="source\stories-sprinting\CStoriesSprintingConfig.h">
      <Filter>source\stories-sprinting</Filter>
    </ClInclude>
    <ClInclude Include="source\keybindings\CKeybindings.h">
      <Filter>source\keybindings</Filter>
    </ClInclude>
    <ClInclude Include="source\keybindings\CKeybindingsConfig.h">
      <Filter>source\keybindings</Filter>
    </ClInclude>
    <ClInclude Include="source\grab\CGrabSystem.h">
      <Filter>source\grab</Filter>
    </ClInclude>
    <ClInclude Include="source\GInputAPI.h">
      <Filter>source\button-icons</Filter>
    </ClInclude>
    <ClInclude Include="source\Markers.h">
      <Filter>source\enex-markers</Filter>
    </ClInclude>
    <ClInclude Include="source\grab\CPostGrabReaction.h">
      <Filter>source\grab</Filter>
    </ClInclude>
    <ClInclude Include="source\grab\CTaskComplexGrab.h">
      <Filter>source\grab</Filter>
    </ClInclude>
    <ClInclude Include="source\grab\CTaskComplexGrabbed.h">
      <Filter>source\grab</Filter>
    </ClInclude>
    <ClInclude Include="source\grab\CTaskSimpleGrabbedHeld.h">
      <Filter>source\grab</Filter>
    </ClInclude>
    <ClInclude Include="source\grab\CTaskSimpleGrabbedReach.h">
      <Filter>source\grab</Filter>
    </ClInclude>
    <ClInclude Include="source\grab\CTaskSimpleGrabHold.h">
      <Filter>source\grab</Filter>
    </ClInclude>
    <ClInclude Include="source\grab\CTaskSimpleGrabReach.h">
      <Filter>source\grab</Filter>
    </ClInclude>
    <ClInclude Include="source\grab\GrabAnimations.h">
      <Filter>source\grab</Filter>
    </ClInclude>
    <ClInclude Include="source\grab\GrabContext.h">
      <Filter>source\grab</Filter>
    </ClInclude>
    <ClInclude Include="source\grab\CTaskCustomBase.h">
      <Filter>source\grab</Filter>
    </ClInclude>
    <ClInclude Include="source\grab\CTaskComplexCustomBase.h">
      <Filter>source\grab</Filter>
    </ClInclude>
    <ClInclude Include="source\grab\CTaskSimpleCustomBase.h">
      <Filter>source\grab</Filter>
    </ClInclude>
    <ClInclude Include="source\grab\CTaskSimpleGrabAction.h">
      <Filter>source\grab</Filter>
    </ClInclude>
    <ClInclude Include="source\grab\CTaskSimpleGrabbedHit.h">
      <Filter>source\grab</Filter>
    </ClInclude>
  </ItemGroup>
</Project>